version = 1
revision = 3
requires-python = ">=3.13"

[[package]]
name = "bonacci"
version = "0.0.0"
source = { editable = "." }

[package.dev-dependencies]
dev = [
    { name = "lefthook" },
    { name = "pytest" },
    { name = "pytest-cov" },
    { name = "ruff" },
]

[package.metadata]

[package.metadata.requires-dev]
dev = [
    { name = "lefthook", specifier = ">=1.12.4" },
    { name = "pytest", specifier = ">=8.4.2" },
    { name = "pytest-cov", specifier = ">=7.0.0" },
    { name = "ruff", specifier = ">=0.13.0" },
]

[[package]]
name = "colorama"
version = "0.4.6"
source = { registry = "https://pypi.org/simple" }
sdist = { url = "https://files.pythonhosted.org/packages/d8/53/6f443c9a4a8358a93a6792e2acffb9d9d5cb0a5cfd8802644b7b1c9a02e4/colorama-0.4.6.tar.gz", hash = "sha256:08695f5cb7ed6e0531a20572697297273c47b8cae5a63ffc6d6ed5c201be6e44", size = 27697, upload-time = "2022-10-25T02:36:22.414Z" }
wheels = [
    { url = "https://files.pythonhosted.org/packages/d1/d6/3965ed04c63042e047cb6a3e6ed1a63a35087b6a609aa3a15ed8ac56c221/colorama-0.4.6-py2.py3-none-any.whl", hash = "sha256:4f1d9991f5acc0ca119f9d443620b77f9d6b33703e51011c16baf57afb285fc6", size = 25335, upload-time = "2022-10-25T02:36:20.889Z" },
]

[[package]]
name = "coverage"
version = "7.10.6"
source = { registry = "https://pypi.org/simple" }
sdist = { url = "https://files.pythonhosted.org/packages/14/70/025b179c993f019105b79575ac6edb5e084fb0f0e63f15cdebef4e454fb5/coverage-7.10.6.tar.gz", hash = "sha256:f644a3ae5933a552a29dbb9aa2f90c677a875f80ebea028e5a52a4f429044b90", size = 823736, upload-time = "2025-08-29T15:35:16.668Z" }
wheels = [
    { url = "https://files.pythonhosted.org/packages/bd/e7/917e5953ea29a28c1057729c1d5af9084ab6d9c66217523fd0e10f14d8f6/coverage-7.10.6-cp313-cp313-macosx_10_13_x86_64.whl", hash = "sha256:ffea0575345e9ee0144dfe5701aa17f3ba546f8c3bb48db62ae101afb740e7d6", size = 217351, upload-time = "2025-08-29T15:33:45.438Z" },
    { url = "https://files.pythonhosted.org/packages/eb/86/2e161b93a4f11d0ea93f9bebb6a53f113d5d6e416d7561ca41bb0a29996b/coverage-7.10.6-cp313-cp313-macosx_11_0_arm64.whl", hash = "sha256:95d91d7317cde40a1c249d6b7382750b7e6d86fad9d8eaf4fa3f8f44cf171e80", size = 217600, upload-time = "2025-08-29T15:33:47.269Z" },
    { url = "https://files.pythonhosted.org/packages/0e/66/d03348fdd8df262b3a7fb4ee5727e6e4936e39e2f3a842e803196946f200/coverage-7.10.6-cp313-cp313-manylinux1_i686.manylinux_2_28_i686.manylinux_2_5_i686.whl", hash = "sha256:3e23dd5408fe71a356b41baa82892772a4cefcf758f2ca3383d2aa39e1b7a003", size = 248600, upload-time = "2025-08-29T15:33:48.953Z" },
    { url = "https://files.pythonhosted.org/packages/73/dd/508420fb47d09d904d962f123221bc249f64b5e56aa93d5f5f7603be475f/coverage-7.10.6-cp313-cp313-manylinux1_x86_64.manylinux_2_28_x86_64.manylinux_2_5_x86_64.whl", hash = "sha256:0f3f56e4cb573755e96a16501a98bf211f100463d70275759e73f3cbc00d4f27", size = 251206, upload-time = "2025-08-29T15:33:50.697Z" },
    { url = "https://files.pythonhosted.org/packages/e9/1f/9020135734184f439da85c70ea78194c2730e56c2d18aee6e8ff1719d50d/coverage-7.10.6-cp313-cp313-manylinux2014_aarch64.manylinux_2_17_aarch64.manylinux_2_28_aarch64.whl", hash = "sha256:db4a1d897bbbe7339946ffa2fe60c10cc81c43fab8b062d3fcb84188688174a4", size = 252478, upload-time = "2025-08-29T15:33:52.303Z" },
    { url = "https://files.pythonhosted.org/packages/a4/a4/3d228f3942bb5a2051fde28c136eea23a761177dc4ff4ef54533164ce255/coverage-7.10.6-cp313-cp313-musllinux_1_2_aarch64.whl", hash = "sha256:d8fd7879082953c156d5b13c74aa6cca37f6a6f4747b39538504c3f9c63d043d", size = 250637, upload-time = "2025-08-29T15:33:53.67Z" },
    { url = "https://files.pythonhosted.org/packages/36/e3/293dce8cdb9a83de971637afc59b7190faad60603b40e32635cbd15fbf61/coverage-7.10.6-cp313-cp313-musllinux_1_2_i686.whl", hash = "sha256:28395ca3f71cd103b8c116333fa9db867f3a3e1ad6a084aa3725ae002b6583bc", size = 248529, upload-time = "2025-08-29T15:33:55.022Z" },
    { url = "https://files.pythonhosted.org/packages/90/26/64eecfa214e80dd1d101e420cab2901827de0e49631d666543d0e53cf597/coverage-7.10.6-cp313-cp313-musllinux_1_2_x86_64.whl", hash = "sha256:61c950fc33d29c91b9e18540e1aed7d9f6787cc870a3e4032493bbbe641d12fc", size = 250143, upload-time = "2025-08-29T15:33:56.386Z" },
    { url = "https://files.pythonhosted.org/packages/3e/70/bd80588338f65ea5b0d97e424b820fb4068b9cfb9597fbd91963086e004b/coverage-7.10.6-cp313-cp313-win32.whl", hash = "sha256:160c00a5e6b6bdf4e5984b0ef21fc860bc94416c41b7df4d63f536d17c38902e", size = 219770, upload-time = "2025-08-29T15:33:58.063Z" },
    { url = "https://files.pythonhosted.org/packages/a7/14/0b831122305abcc1060c008f6c97bbdc0a913ab47d65070a01dc50293c2b/coverage-7.10.6-cp313-cp313-win_amd64.whl", hash = "sha256:628055297f3e2aa181464c3808402887643405573eb3d9de060d81531fa79d32", size = 220566, upload-time = "2025-08-29T15:33:59.766Z" },
    { url = "https://files.pythonhosted.org/packages/83/c6/81a83778c1f83f1a4a168ed6673eeedc205afb562d8500175292ca64b94e/coverage-7.10.6-cp313-cp313-win_arm64.whl", hash = "sha256:df4ec1f8540b0bcbe26ca7dd0f541847cc8a108b35596f9f91f59f0c060bfdd2", size = 219195, upload-time = "2025-08-29T15:34:01.191Z" },
    { url = "https://files.pythonhosted.org/packages/d7/1c/ccccf4bf116f9517275fa85047495515add43e41dfe8e0bef6e333c6b344/coverage-7.10.6-cp313-cp313t-macosx_10_13_x86_64.whl", hash = "sha256:c9a8b7a34a4de3ed987f636f71881cd3b8339f61118b1aa311fbda12741bff0b", size = 218059, upload-time = "2025-08-29T15:34:02.91Z" },
    { url = "https://files.pythonhosted.org/packages/92/97/8a3ceff833d27c7492af4f39d5da6761e9ff624831db9e9f25b3886ddbca/coverage-7.10.6-cp313-cp313t-macosx_11_0_arm64.whl", hash = "sha256:8dd5af36092430c2b075cee966719898f2ae87b636cefb85a653f1d0ba5d5393", size = 218287, upload-time = "2025-08-29T15:34:05.106Z" },
    { url = "https://files.pythonhosted.org/packages/92/d8/50b4a32580cf41ff0423777a2791aaf3269ab60c840b62009aec12d3970d/coverage-7.10.6-cp313-cp313t-manylinux1_i686.manylinux_2_28_i686.manylinux_2_5_i686.whl", hash = "sha256:b0353b0f0850d49ada66fdd7d0c7cdb0f86b900bb9e367024fd14a60cecc1e27", size = 259625, upload-time = "2025-08-29T15:34:06.575Z" },
    { url = "https://files.pythonhosted.org/packages/7e/7e/6a7df5a6fb440a0179d94a348eb6616ed4745e7df26bf2a02bc4db72c421/coverage-7.10.6-cp313-cp313t-manylinux1_x86_64.manylinux_2_28_x86_64.manylinux_2_5_x86_64.whl", hash = "sha256:d6b9ae13d5d3e8aeca9ca94198aa7b3ebbc5acfada557d724f2a1f03d2c0b0df", size = 261801, upload-time = "2025-08-29T15:34:08.006Z" },
    { url = "https://files.pythonhosted.org/packages/3a/4c/a270a414f4ed5d196b9d3d67922968e768cd971d1b251e1b4f75e9362f75/coverage-7.10.6-cp313-cp313t-manylinux2014_aarch64.manylinux_2_17_aarch64.manylinux_2_28_aarch64.whl", hash = "sha256:675824a363cc05781b1527b39dc2587b8984965834a748177ee3c37b64ffeafb", size = 264027, upload-time = "2025-08-29T15:34:09.806Z" },
    { url = "https://files.pythonhosted.org/packages/9c/8b/3210d663d594926c12f373c5370bf1e7c5c3a427519a8afa65b561b9a55c/coverage-7.10.6-cp313-cp313t-musllinux_1_2_aarch64.whl", hash = "sha256:692d70ea725f471a547c305f0d0fc6a73480c62fb0da726370c088ab21aed282", size = 261576, upload-time = "2025-08-29T15:34:11.585Z" },
    { url = "https://files.pythonhosted.org/packages/72/d0/e1961eff67e9e1dba3fc5eb7a4caf726b35a5b03776892da8d79ec895775/coverage-7.10.6-cp313-cp313t-musllinux_1_2_i686.whl", hash = "sha256:851430a9a361c7a8484a36126d1d0ff8d529d97385eacc8dfdc9bfc8c2d2cbe4", size = 259341, upload-time = "2025-08-29T15:34:13.159Z" },
    { url = "https://files.pythonhosted.org/packages/3a/06/d6478d152cd189b33eac691cba27a40704990ba95de49771285f34a5861e/coverage-7.10.6-cp313-cp313t-musllinux_1_2_x86_64.whl", hash = "sha256:d9369a23186d189b2fc95cc08b8160ba242057e887d766864f7adf3c46b2df21", size = 260468, upload-time = "2025-08-29T15:34:14.571Z" },
    { url = "https://files.pythonhosted.org/packages/ed/73/737440247c914a332f0b47f7598535b29965bf305e19bbc22d4c39615d2b/coverage-7.10.6-cp313-cp313t-win32.whl", hash = "sha256:92be86fcb125e9bda0da7806afd29a3fd33fdf58fba5d60318399adf40bf37d0", size = 220429, upload-time = "2025-08-29T15:34:16.394Z" },
    { url = "https://files.pythonhosted.org/packages/bd/76/b92d3214740f2357ef4a27c75a526eb6c28f79c402e9f20a922c295c05e2/coverage-7.10.6-cp313-cp313t-win_amd64.whl", hash = "sha256:6b3039e2ca459a70c79523d39347d83b73f2f06af5624905eba7ec34d64d80b5", size = 221493, upload-time = "2025-08-29T15:34:17.835Z" },
    { url = "https://files.pythonhosted.org/packages/fc/8e/6dcb29c599c8a1f654ec6cb68d76644fe635513af16e932d2d4ad1e5ac6e/coverage-7.10.6-cp313-cp313t-win_arm64.whl", hash = "sha256:3fb99d0786fe17b228eab663d16bee2288e8724d26a199c29325aac4b0319b9b", size = 219757, upload-time = "2025-08-29T15:34:19.248Z" },
    { url = "https://files.pythonhosted.org/packages/d3/aa/76cf0b5ec00619ef208da4689281d48b57f2c7fde883d14bf9441b74d59f/coverage-7.10.6-cp314-cp314-macosx_10_13_x86_64.whl", hash = "sha256:6008a021907be8c4c02f37cdc3ffb258493bdebfeaf9a839f9e71dfdc47b018e", size = 217331, upload-time = "2025-08-29T15:34:20.846Z" },
    { url = "https://files.pythonhosted.org/packages/65/91/8e41b8c7c505d398d7730206f3cbb4a875a35ca1041efc518051bfce0f6b/coverage-7.10.6-cp314-cp314-macosx_11_0_arm64.whl", hash = "sha256:5e75e37f23eb144e78940b40395b42f2321951206a4f50e23cfd6e8a198d3ceb", size = 217607, upload-time = "2025-08-29T15:34:22.433Z" },
    { url = "https://files.pythonhosted.org/packages/87/7f/f718e732a423d442e6616580a951b8d1ec3575ea48bcd0e2228386805e79/coverage-7.10.6-cp314-cp314-manylinux1_i686.manylinux_2_28_i686.manylinux_2_5_i686.whl", hash = "sha256:0f7cb359a448e043c576f0da00aa8bfd796a01b06aa610ca453d4dde09cc1034", size = 248663, upload-time = "2025-08-29T15:34:24.425Z" },
    { url = "https://files.pythonhosted.org/packages/e6/52/c1106120e6d801ac03e12b5285e971e758e925b6f82ee9b86db3aa10045d/coverage-7.10.6-cp314-cp314-manylinux1_x86_64.manylinux_2_28_x86_64.manylinux_2_5_x86_64.whl", hash = "sha256:c68018e4fc4e14b5668f1353b41ccf4bc83ba355f0e1b3836861c6f042d89ac1", size = 251197, upload-time = "2025-08-29T15:34:25.906Z" },
    { url = "https://files.pythonhosted.org/packages/3d/ec/3a8645b1bb40e36acde9c0609f08942852a4af91a937fe2c129a38f2d3f5/coverage-7.10.6-cp314-cp314-manylinux2014_aarch64.manylinux_2_17_aarch64.manylinux_2_28_aarch64.whl", hash = "sha256:cd4b2b0707fc55afa160cd5fc33b27ccbf75ca11d81f4ec9863d5793fc6df56a", size = 252551, upload-time = "2025-08-29T15:34:27.337Z" },
    { url = "https://files.pythonhosted.org/packages/a1/70/09ecb68eeb1155b28a1d16525fd3a9b65fbe75337311a99830df935d62b6/coverage-7.10.6-cp314-cp314-musllinux_1_2_aarch64.whl", hash = "sha256:4cec13817a651f8804a86e4f79d815b3b28472c910e099e4d5a0e8a3b6a1d4cb", size = 250553, upload-time = "2025-08-29T15:34:29.065Z" },
    { url = "https://files.pythonhosted.org/packages/c6/80/47df374b893fa812e953b5bc93dcb1427a7b3d7a1a7d2db33043d17f74b9/coverage-7.10.6-cp314-cp314-musllinux_1_2_i686.whl", hash = "sha256:f2a6a8e06bbda06f78739f40bfb56c45d14eb8249d0f0ea6d4b3d48e1f7c695d", size = 248486, upload-time = "2025-08-29T15:34:30.897Z" },
    { url = "https://files.pythonhosted.org/packages/4a/65/9f98640979ecee1b0d1a7164b589de720ddf8100d1747d9bbdb84be0c0fb/coverage-7.10.6-cp314-cp314-musllinux_1_2_x86_64.whl", hash = "sha256:081b98395ced0d9bcf60ada7661a0b75f36b78b9d7e39ea0790bb4ed8da14747", size = 249981, upload-time = "2025-08-29T15:34:32.365Z" },
    { url = "https://files.pythonhosted.org/packages/1f/55/eeb6603371e6629037f47bd25bef300387257ed53a3c5fdb159b7ac8c651/coverage-7.10.6-cp314-cp314-win32.whl", hash = "sha256:6937347c5d7d069ee776b2bf4e1212f912a9f1f141a429c475e6089462fcecc5", size = 220054, upload-time = "2025-08-29T15:34:34.124Z" },
    { url = "https://files.pythonhosted.org/packages/15/d1/a0912b7611bc35412e919a2cd59ae98e7ea3b475e562668040a43fb27897/coverage-7.10.6-cp314-cp314-win_amd64.whl", hash = "sha256:adec1d980fa07e60b6ef865f9e5410ba760e4e1d26f60f7e5772c73b9a5b0713", size = 220851, upload-time = "2025-08-29T15:34:35.651Z" },
    { url = "https://files.pythonhosted.org/packages/ef/2d/11880bb8ef80a45338e0b3e0725e4c2d73ffbb4822c29d987078224fd6a5/coverage-7.10.6-cp314-cp314-win_arm64.whl", hash = "sha256:a80f7aef9535442bdcf562e5a0d5a5538ce8abe6bb209cfbf170c462ac2c2a32", size = 219429, upload-time = "2025-08-29T15:34:37.16Z" },
    { url = "https://files.pythonhosted.org/packages/83/c0/1f00caad775c03a700146f55536ecd097a881ff08d310a58b353a1421be0/coverage-7.10.6-cp314-cp314t-macosx_10_13_x86_64.whl", hash = "sha256:0de434f4fbbe5af4fa7989521c655c8c779afb61c53ab561b64dcee6149e4c65", size = 218080, upload-time = "2025-08-29T15:34:38.919Z" },
    { url = "https://files.pythonhosted.org/packages/a9/c4/b1c5d2bd7cc412cbeb035e257fd06ed4e3e139ac871d16a07434e145d18d/coverage-7.10.6-cp314-cp314t-macosx_11_0_arm64.whl", hash = "sha256:6e31b8155150c57e5ac43ccd289d079eb3f825187d7c66e755a055d2c85794c6", size = 218293, upload-time = "2025-08-29T15:34:40.425Z" },
    { url = "https://files.pythonhosted.org/packages/3f/07/4468d37c94724bf6ec354e4ec2f205fda194343e3e85fd2e59cec57e6a54/coverage-7.10.6-cp314-cp314t-manylinux1_i686.manylinux_2_28_i686.manylinux_2_5_i686.whl", hash = "sha256:98cede73eb83c31e2118ae8d379c12e3e42736903a8afcca92a7218e1f2903b0", size = 259800, upload-time = "2025-08-29T15:34:41.996Z" },
    { url = "https://files.pythonhosted.org/packages/82/d8/f8fb351be5fee31690cd8da768fd62f1cfab33c31d9f7baba6cd8960f6b8/coverage-7.10.6-cp314-cp314t-manylinux1_x86_64.manylinux_2_28_x86_64.manylinux_2_5_x86_64.whl", hash = "sha256:f863c08f4ff6b64fa8045b1e3da480f5374779ef187f07b82e0538c68cb4ff8e", size = 261965, upload-time = "2025-08-29T15:34:43.61Z" },
    { url = "https://files.pythonhosted.org/packages/e8/70/65d4d7cfc75c5c6eb2fed3ee5cdf420fd8ae09c4808723a89a81d5b1b9c3/coverage-7.10.6-cp314-cp314t-manylinux2014_aarch64.manylinux_2_17_aarch64.manylinux_2_28_aarch64.whl", hash = "sha256:2b38261034fda87be356f2c3f42221fdb4171c3ce7658066ae449241485390d5", size = 264220, upload-time = "2025-08-29T15:34:45.387Z" },
    { url = "https://files.pythonhosted.org/packages/98/3c/069df106d19024324cde10e4ec379fe2fb978017d25e97ebee23002fbadf/coverage-7.10.6-cp314-cp314t-musllinux_1_2_aarch64.whl", hash = "sha256:0e93b1476b79eae849dc3872faeb0bf7948fd9ea34869590bc16a2a00b9c82a7", size = 261660, upload-time = "2025-08-29T15:34:47.288Z" },
    { url = "https://files.pythonhosted.org/packages/fc/8a/2974d53904080c5dc91af798b3a54a4ccb99a45595cc0dcec6eb9616a57d/coverage-7.10.6-cp314-cp314t-musllinux_1_2_i686.whl", hash = "sha256:ff8a991f70f4c0cf53088abf1e3886edcc87d53004c7bb94e78650b4d3dac3b5", size = 259417, upload-time = "2025-08-29T15:34:48.779Z" },
    { url = "https://files.pythonhosted.org/packages/30/38/9616a6b49c686394b318974d7f6e08f38b8af2270ce7488e879888d1e5db/coverage-7.10.6-cp314-cp314t-musllinux_1_2_x86_64.whl", hash = "sha256:ac765b026c9f33044419cbba1da913cfb82cca1b60598ac1c7a5ed6aac4621a0", size = 260567, upload-time = "2025-08-29T15:34:50.718Z" },
    { url = "https://files.pythonhosted.org/packages/76/16/3ed2d6312b371a8cf804abf4e14895b70e4c3491c6e53536d63fd0958a8d/coverage-7.10.6-cp314-cp314t-win32.whl", hash = "sha256:441c357d55f4936875636ef2cfb3bee36e466dcf50df9afbd398ce79dba1ebb7", size = 220831, upload-time = "2025-08-29T15:34:52.653Z" },
    { url = "https://files.pythonhosted.org/packages/d5/e5/d38d0cb830abede2adb8b147770d2a3d0e7fecc7228245b9b1ae6c24930a/coverage-7.10.6-cp314-cp314t-win_amd64.whl", hash = "sha256:073711de3181b2e204e4870ac83a7c4853115b42e9cd4d145f2231e12d670930", size = 221950, upload-time = "2025-08-29T15:34:54.212Z" },
    { url = "https://files.pythonhosted.org/packages/f4/51/e48e550f6279349895b0ffcd6d2a690e3131ba3a7f4eafccc141966d4dea/coverage-7.10.6-cp314-cp314t-win_arm64.whl", hash = "sha256:137921f2bac5559334ba66122b753db6dc5d1cf01eb7b64eb412bb0d064ef35b", size = 219969, upload-time = "2025-08-29T15:34:55.83Z" },
    { url = "https://files.pythonhosted.org/packages/44/0c/50db5379b615854b5cf89146f8f5bd1d5a9693d7f3a987e269693521c404/coverage-7.10.6-py3-none-any.whl", hash = "sha256:92c4ecf6bf11b2e85fd4d8204814dc26e6a19f0c9d938c207c5cb0eadfcabbe3", size = 208986, upload-time = "2025-08-29T15:35:14.506Z" },
]

[[package]]
name = "iniconfig"
version = "2.1.0"
source = { registry = "https://pypi.org/simple" }
sdist = { url = "https://files.pythonhosted.org/packages/f2/97/ebf4da567aa6827c909642694d71c9fcf53e5b504f2d96afea02718862f3/iniconfig-2.1.0.tar.gz", hash = "sha256:3abbd2e30b36733fee78f9c7f7308f2d0050e88f0087fd25c2645f63c773e1c7", size = 4793, upload-time = "2025-03-19T20:09:59.721Z" }
wheels = [
    { url = "https://files.pythonhosted.org/packages/2c/e1/e6716421ea10d38022b952c159d5161ca1193197fb744506875fbb87ea7b/iniconfig-2.1.0-py3-none-any.whl", hash = "sha256:9deba5723312380e77435581c6bf4935c94cbfab9b1ed33ef8d238ea168eb760", size = 6050, upload-time = "2025-03-19T20:10:01.071Z" },
]

[[package]]
name = "lefthook"
version = "2.1.3"
source = { registry = "https://pypi.org/simple" }
wheels = [
    { url = "https://files.pythonhosted.org/packages/dd/35/f982ba5a34005e783dcfaa54c82716f27480ffa749862c7664d242fc60b5/lefthook-2.1.3-py3-none-macosx_10_15_x86_64.whl", hash = "sha256:c92250e553947e350cc7423aed641ca624529ab699cf2931ce9e892de80f9d09", size = 5433164, upload-time = "2026-03-07T08:25:07.995Z" },
    { url = "https://files.pythonhosted.org/packages/06/a0/759d190ad136001450a206e95693208ffdae24dac0fa11d13ffc38a9610b/lefthook-2.1.3-py3-none-macosx_11_0_arm64.whl", hash = "sha256:a6f444e56b6b97da0bb1af4bc408333e645a2a5a66e5f1779962d3ed2c34553f", size = 4957367, upload-time = "2026-03-07T08:25:00.366Z" },
    { url = "https://files.pythonhosted.org/packages/16/57/23f09079e4746b5aa16421dc23418c365ee13aa4a2d9fea8ee2418727c7b/lefthook-2.1.3-py3-none-manylinux_2_17_aarch64.whl", hash = "sha256:11df1237019ab4d753ad6b013f0ea2e3c6e8e9c2b675331ff041222dc6379109", size = 4785776, upload-time = "2026-03-07T08:25:06.597Z" },
    { url = "https://files.pythonhosted.org/packages/ab/87/c9348f6e4d1942597913c683305af2ffcc3fbf802e94d56bfde4a3b28ad5/lefthook-2.1.3-py3-none-manylinux_2_17_x86_64.whl", hash = "sha256:4624342d7b63fae98704eca37775426ad93da4aaa0279412b01b9925cad67d56", size = 5358700, upload-time = "2026-03-07T08:25:01.807Z" },
    { url = "https://files.pythonhosted.org/packages/00/6b/8c5df6cc06c11ec22f3c589cc1b4b76d4e87c3f66df54a45c0db0b1e47f5/lefthook-2.1.3-py3-none-win_amd64.whl", hash = "sha256:889ab8a5b3e2cb830cb65db3e53bf0d157f759d041fb15cd751644afc7834c8a", size = 5509139, upload-time = "2026-03-07T08:25:03.427Z" },
    { url = "https://files.pythonhosted.org/packages/44/0b/f2bd48462561cc999297db4fb84f7bee6a0287248e3df8a52e3b74791a05/lefthook-2.1.3-py3-none-win_arm64.whl", hash = "sha256:1316aa7c5baa7435925a1b6f09a56e0581dc59e627831693c5c67d33c490b195", size = 4862556, upload-time = "2026-03-07T08:25:05.037Z" },
]

[[package]]
name = "packaging"
version = "25.0"
source = { registry = "https://pypi.org/simple" }
sdist = { url = "https://files.pythonhosted.org/packages/a1/d4/1fc4078c65507b51b96ca8f8c3ba19e6a61c8253c72794544580a7b6c24d/packaging-25.0.tar.gz", hash = "sha256:d443872c98d677bf60f6a1f2f8c1cb748e8fe762d2bf9d3148b5599295b0fc4f", size = 165727, upload-time = "2025-04-19T11:48:59.673Z" }
wheels = [
    { url = "https://files.pythonhosted.org/packages/20/12/38679034af332785aac8774540895e234f4d07f7545804097de4b666afd8/packaging-25.0-py3-none-any.whl", hash = "sha256:29572ef2b1f17581046b3a2227d5c611fb25ec70ca1ba8554b24b0e69331a484", size = 66469, upload-time = "2025-04-19T11:48:57.875Z" },
]

[[package]]
name = "pluggy"
version = "1.6.0"
source = { registry = "https://pypi.org/simple" }
sdist = { url = "https://files.pythonhosted.org/packages/f9/e2/3e91f31a7d2b083fe6ef3fa267035b518369d9511ffab804f839851d2779/pluggy-1.6.0.tar.gz", hash = "sha256:7dcc130b76258d33b90f61b658791dede3486c3e6bfb003ee5c9bfb396dd22f3", size = 69412, upload-time = "2025-05-15T12:30:07.975Z" }
wheels = [
    { url = "https://files.pythonhosted.org/packages/54/20/4d324d65cc6d9205fabedc306948156824eb9f0ee1633355a8f7ec5c66bf/pluggy-1.6.0-py3-none-any.whl", hash = "sha256:e920276dd6813095e9377c0bc5566d94c932c33b27a3e3945d8389c374dd4746", size = 20538, upload-time = "2025-05-15T12:30:06.134Z" },
]

[[package]]
name = "pygments"
version = "2.19.1"
source = { registry = "https://pypi.org/simple" }
sdist = { url = "https://files.pythonhosted.org/packages/7c/2d/c3338d48ea6cc0feb8446d8e6937e1408088a72a39937982cc6111d17f84/pygments-2.19.1.tar.gz", hash = "sha256:61c16d2a8576dc0649d9f39e089b5f02bcd27fba10d8fb4dcc28173f7a45151f", size = 4968581, upload-time = "2025-01-06T17:26:30.443Z" }
wheels = [
    { url = "https://files.pythonhosted.org/packages/8a/0b/9fcc47d19c48b59121088dd6da2488a49d5f72dacf8262e2790a1d2c7d15/pygments-2.19.1-py3-none-any.whl", hash = "sha256:9ea1544ad55cecf4b8242fab6dd35a93bbce657034b0611ee383099054ab6d8c", size = 1225293, upload-time = "2025-01-06T17:26:25.553Z" },
]

[[package]]
name = "pytest"
version = "9.0.2"
source = { registry = "https://pypi.org/simple" }
dependencies = [
    { name = "colorama", marker = "sys_platform == 'win32'" },
    { name = "iniconfig" },
    { name = "packaging" },
    { name = "pluggy" },
    { name = "pygments" },
]
sdist = { url = "https://files.pythonhosted.org/packages/d1/db/7ef3487e0fb0049ddb5ce41d3a49c235bf9ad299b6a25d5780a89f19230f/pytest-9.0.2.tar.gz", hash = "sha256:75186651a92bd89611d1d9fc20f0b4345fd827c41ccd5c299a868a05d70edf11", size = 1568901, upload-time = "2025-12-06T21:30:51.014Z" }
wheels = [
    { url = "https://files.pythonhosted.org/packages/3b/ab/b3226f0bd7cdcf710fbede2b3548584366da3b19b5021e74f5bde2a8fa3f/pytest-9.0.2-py3-none-any.whl", hash = "sha256:711ffd45bf766d5264d487b917733b453d917afd2b0ad65223959f59089f875b", size = 374801, upload-time = "2025-12-06T21:30:49.154Z" },
]

[[package]]
name = "pytest-cov"
version = "7.0.0"
source = { registry = "https://pypi.org/simple" }
dependencies = [
    { name = "coverage" },
    { name = "pluggy" },
    { name = "pytest" },
]
sdist = { url = "https://files.pythonhosted.org/packages/5e/f7/c933acc76f5208b3b00089573cf6a2bc26dc80a8aece8f52bb7d6b1855ca/pytest_cov-7.0.0.tar.gz", hash = "sha256:33c97eda2e049a0c5298e91f519302a1334c26ac65c1a483d6206fd458361af1", size = 54328, upload-time = "2025-09-09T10:57:02.113Z" }
wheels = [
    { url = "https://files.pythonhosted.org/packages/ee/49/1377b49de7d0c1ce41292161ea0f721913fa8722c19fb9c1e3aa0367eecb/pytest_cov-7.0.0-py3-none-any.whl", hash = "sha256:3b8e9558b16cc1479da72058bdecf8073661c7f57f7d3c5f22a1c23507f2d861", size = 22424, upload-time = "2025-09-09T10:57:00.695Z" },
]

[[package]]
name = "ruff"
version = "0.15.7"
source = { registry = "https://pypi.org/simple" }
sdist = { url = "https://files.pythonhosted.org/packages/a1/22/9e4f66ee588588dc6c9af6a994e12d26e19efbe874d1a909d09a6dac7a59/ruff-0.15.7.tar.gz", hash = "sha256:04f1ae61fc20fe0b148617c324d9d009b5f63412c0b16474f3d5f1a1a665f7ac", size = 4601277, upload-time = "2026-03-19T16:26:22.605Z" }
wheels = [
    { url = "https://files.pythonhosted.org/packages/41/2f/0b08ced94412af091807b6119ca03755d651d3d93a242682bf020189db94/ruff-0.15.7-py3-none-linux_armv6l.whl", hash = "sha256:a81cc5b6910fb7dfc7c32d20652e50fa05963f6e13ead3c5915c41ac5d16668e", size = 10489037, upload-time = "2026-03-19T16:26:32.47Z" },
    { url = "https://files.pythonhosted.org/packages/91/4a/82e0fa632e5c8b1eba5ee86ecd929e8ff327bbdbfb3c6ac5d81631bef605/ruff-0.15.7-py3-none-macosx_10_12_x86_64.whl", hash = "sha256:722d165bd52403f3bdabc0ce9e41fc47070ac56d7a91b4e0d097b516a53a3477", size = 10955433, upload-time = "2026-03-19T16:27:00.205Z" },
    { url = "https://files.pythonhosted.org/packages/ab/10/12586735d0ff42526ad78c049bf51d7428618c8b5c467e72508c694119df/ruff-0.15.7-py3-none-macosx_11_0_arm64.whl", hash = "sha256:7fbc2448094262552146cbe1b9643a92f66559d3761f1ad0656d4991491af49e", size = 10269302, upload-time = "2026-03-19T16:26:26.183Z" },
    { url = "https://files.pythonhosted.org/packages/eb/5d/32b5c44ccf149a26623671df49cbfbd0a0ae511ff3df9d9d2426966a8d57/ruff-0.15.7-py3-none-manylinux_2_17_aarch64.manylinux2014_aarch64.whl", hash = "sha256:6b39329b60eba44156d138275323cc726bbfbddcec3063da57caa8a8b1d50adf", size = 10607625, upload-time = "2026-03-19T16:27:03.263Z" },
    { url = "https://files.pythonhosted.org/packages/5d/f1/f0001cabe86173aaacb6eb9bb734aa0605f9a6aa6fa7d43cb49cbc4af9c9/ruff-0.15.7-py3-none-manylinux_2_17_armv7l.manylinux2014_armv7l.whl", hash = "sha256:87768c151808505f2bfc93ae44e5f9e7c8518943e5074f76ac21558ef5627c85", size = 10324743, upload-time = "2026-03-19T16:27:09.791Z" },
    { url = "https://files.pythonhosted.org/packages/7a/87/b8a8f3d56b8d848008559e7c9d8bf367934d5367f6d932ba779456e2f73b/ruff-0.15.7-py3-none-manylinux_2_17_i686.manylinux2014_i686.whl", hash = "sha256:fb0511670002c6c529ec66c0e30641c976c8963de26a113f3a30456b702468b0", size = 11138536, upload-time = "2026-03-19T16:27:06.101Z" },
    { url = "https://files.pythonhosted.org/packages/e4/f2/4fd0d05aab0c5934b2e1464784f85ba2eab9d54bffc53fb5430d1ed8b829/ruff-0.15.7-py3-none-manylinux_2_17_ppc64le.manylinux2014_ppc64le.whl", hash = "sha256:e0d19644f801849229db8345180a71bee5407b429dd217f853ec515e968a6912", size = 11994292, upload-time = "2026-03-19T16:26:48.718Z" },
    { url = "https://files.pythonhosted.org/packages/64/22/fc4483871e767e5e95d1622ad83dad5ebb830f762ed0420fde7dfa9d9b08/ruff-0.15.7-py3-none-manylinux_2_17_s390x.manylinux2014_s390x.whl", hash = "sha256:4806d8e09ef5e84eb19ba833d0442f7e300b23fe3f0981cae159a248a10f0036", size = 11398981, upload-time = "2026-03-19T16:26:54.513Z" },
    { url = "https://files.pythonhosted.org/packages/b0/99/66f0343176d5eab02c3f7fcd2de7a8e0dd7a41f0d982bee56cd1c24db62b/ruff-0.15.7-py3-none-manylinux_2_17_x86_64.manylinux2014_x86_64.whl", hash = "sha256:dce0896488562f09a27b9c91b1f58a097457143931f3c4d519690dea54e624c5", size = 11242422, upload-time = "2026-03-19T16:26:29.277Z" },
    { url = "https://files.pythonhosted.org/packages/5d/3a/a7060f145bfdcce4c987ea27788b30c60e2c81d6e9a65157ca8afe646328/ruff-0.15.7-py3-none-manylinux_2_31_riscv64.whl", hash = "sha256:1852ce241d2bc89e5dc823e03cff4ce73d816b5c6cdadd27dbfe7b03217d2a12", size = 11232158, upload-time = "2026-03-19T16:26:42.321Z" },
    { url = "https://files.pythonhosted.org/packages/a7/53/90fbb9e08b29c048c403558d3cdd0adf2668b02ce9d50602452e187cd4af/ruff-0.15.7-py3-none-musllinux_1_2_aarch64.whl", hash = "sha256:5f3e4b221fb4bd293f79912fc5e93a9063ebd6d0dcbd528f91b89172a9b8436c", size = 10577861, upload-time = "2026-03-19T16:26:57.459Z" },
    { url = "https://files.pythonhosted.org/packages/2f/aa/5f486226538fe4d0f0439e2da1716e1acf895e2a232b26f2459c55f8ddad/ruff-0.15.7-py3-none-musllinux_1_2_armv7l.whl", hash = "sha256:b15e48602c9c1d9bdc504b472e90b90c97dc7d46c7028011ae67f3861ceba7b4", size = 10327310, upload-time = "2026-03-19T16:26:35.909Z" },
    { url = "https://files.pythonhosted.org/packages/99/9e/271afdffb81fe7bfc8c43ba079e9d96238f674380099457a74ccb3863857/ruff-0.15.7-py3-none-musllinux_1_2_i686.whl", hash = "sha256:1b4705e0e85cedc74b0a23cf6a179dbb3df184cb227761979cc76c0440b5ab0d", size = 10840752, upload-time = "2026-03-19T16:26:45.723Z" },
    { url = "https://files.pythonhosted.org/packages/bf/29/a4ae78394f76c7759953c47884eb44de271b03a66634148d9f7d11e721bd/ruff-0.15.7-py3-none-musllinux_1_2_x86_64.whl", hash = "sha256:112c1fa316a558bb34319282c1200a8bf0495f1b735aeb78bfcb2991e6087580", size = 11336961, upload-time = "2026-03-19T16:26:39.076Z" },
    { url = "https://files.pythonhosted.org/packages/26/6b/8786ba5736562220d588a2f6653e6c17e90c59ced34a2d7b512ef8956103/ruff-0.15.7-py3-none-win32.whl", hash = "sha256:6d39e2d3505b082323352f733599f28169d12e891f7dd407f2d4f54b4c2886de", size = 10582538, upload-time = "2026-03-19T16:26:15.992Z" },
    { url = "https://files.pythonhosted.org/packages/2b/e9/346d4d3fffc6871125e877dae8d9a1966b254fbd92a50f8561078b88b099/ruff-0.15.7-py3-none-win_amd64.whl", hash = "sha256:4d53d712ddebcd7dace1bc395367aec12c057aacfe9adbb6d832302575f4d3a1", size = 11755839, upload-time = "2026-03-19T16:26:19.897Z" },
    { url = "https://files.pythonhosted.org/packages/8f/e8/726643a3ea68c727da31570bde48c7a10f1aa60eddd628d94078fec586ff/ruff-0.15.7-py3-none-win_arm64.whl", hash = "sha256:18e8d73f1c3fdf27931497972250340f92e8c861722161a9caeb89a58ead6ed2", size = 11023304, upload-time = "2026-03-19T16:26:51.669Z" },
]
